
Microsoft Visual Studio Solution File, Format Version 12.00
# Visual Studio 15
VisualStudioVersion = 15.0.27130.2036
MinimumVisualStudioVersion = 10.0.40219.1
Project("{FAE04EC0-301F-11D3-BF4B-00C04F79EFBC}") = "IslahGroup", "IslahGroup\IslahGroup.csproj", "{4BD9DFE6-EBCB-4D5B-9212-D7616893761D}"
EndProject
Project("{FAE04EC0-301F-11D3-BF4B-00C04F79EFBC}") = "IslahGroup.DotNet.BusinessLogicLayer", "IslahGroup.DotNet.BusinessLogicLayer\IslahGroup.DotNet.BusinessLogicLayer.csproj", "{FAA70930-439E-44E2-BF0A-E398CBEE342F}"
EndProject
Project("{FAE04EC0-301F-11D3-BF4B-00C04F79EFBC}") = "IslahGroup.DotNet.DataAccessLayer", "IslahGroup.DotNot.DataAccessLayer\IslahGroup.DotNet.DataAccessLayer.csproj", "{8E6E1650-B89D-48A7-8465-CEA70BD54D10}"
EndProject
Project("{FAE04EC0-301F-11D3-BF4B-00C04F79EFBC}") = "IslahGroup.DotNet.EntityLayer", "IslahGroup.DotNet.EntityLayer\IslahGroup.DotNet.EntityLayer.csproj", "{F327ABE5-2B2F-4341-BBF2-4943D2750F8F}"
EndProject
Project("{FAE04EC0-301F-11D3-BF4B-00C04F79EFBC}") = "IslahGroupInventory", "IslahGroupInventory\IslahGroupInventory.csproj", "{BC812D2F-3A00-4B37-A8FD-07164D0B0D60}"
EndProject
Project("{FAE04EC0-301F-11D3-BF4B-00C04F79EFBC}") = "POS", "DXApplication1\POS\POS.csproj", "{658E0EBC-FFD0-47BD-8341-90350504B0DF}"
EndProject
Global
	GlobalSection(SolutionConfigurationPlatforms) = preSolution
		Debug|Any CPU = Debug|Any CPU
		Release|Any CPU = Release|Any CPU
	EndGlobalSection
	GlobalSection(ProjectConfigurationPlatforms) = postSolution
		{4BD9DFE6-EBCB-4D5B-9212-D7616893761D}.Debug|Any CPU.ActiveCfg = Debug|Any CPU
		{4BD9DFE6-EBCB-4D5B-9212-D7616893761D}.Release|Any CPU.ActiveCfg = Release|Any CPU
		{4BD9DFE6-EBCB-4D5B-9212-D7616893761D}.Release|Any CPU.Build.0 = Release|Any CPU
		{FAA70930-439E-44E2-BF0A-E398CBEE342F}.Debug|Any CPU.ActiveCfg = Debug|Any CPU
		{FAA70930-439E-44E2-BF0A-E398CBEE342F}.Release|Any CPU.ActiveCfg = Release|Any CPU
		{FAA70930-439E-44E2-BF0A-E398CBEE342F}.Release|Any CPU.Build.0 = Release|Any CPU
		{8E6E1650-B89D-48A7-8465-CEA70BD54D10}.Debug|Any CPU.ActiveCfg = Debug|Any CPU
		{8E6E1650-B89D-48A7-8465-CEA70BD54D10}.Release|Any CPU.ActiveCfg = Release|Any CPU
		{8E6E1650-B89D-48A7-8465-CEA70BD54D10}.Release|Any CPU.Build.0 = Release|Any CPU
		{F327ABE5-2B2F-4341-BBF2-4943D2750F8F}.Debug|Any CPU.ActiveCfg = Debug|Any CPU
		{F327ABE5-2B2F-4341-BBF2-4943D2750F8F}.Release|Any CPU.ActiveCfg = Release|Any CPU
		{F327ABE5-2B2F-4341-BBF2-4943D2750F8F}.Release|Any CPU.Build.0 = Release|Any CPU
		{BC812D2F-3A00-4B37-A8FD-07164D0B0D60}.Debug|Any CPU.ActiveCfg = Debug|Any CPU
		{BC812D2F-3A00-4B37-A8FD-07164D0B0D60}.Debug|Any CPU.Build.0 = Debug|Any CPU
		{BC812D2F-3A00-4B37-A8FD-07164D0B0D60}.Release|Any CPU.ActiveCfg = Release|Any CPU
		{BC812D2F-3A00-4B37-A8FD-07164D0B0D60}.Release|Any CPU.Build.0 = Release|Any CPU
		{658E0EBC-FFD0-47BD-8341-90350504B0DF}.Debug|Any CPU.ActiveCfg = Debug|Any CPU
		{658E0EBC-FFD0-47BD-8341-90350504B0DF}.Release|Any CPU.ActiveCfg = Release|Any CPU
		{658E0EBC-FFD0-47BD-8341-90350504B0DF}.Release|Any CPU.Build.0 = Release|Any CPU
	EndGlobalSection
	GlobalSection(SolutionProperties) = preSolution
		HideSolutionNode = FALSE
	EndGlobalSection
	GlobalSection(ExtensibilityGlobals) = postSolution
		SolutionGuid = {64B4EF0C-A9E8-471A-9913-034A70694880}
	EndGlobalSection
EndGlobal
